
Microsoft Visual Studio Solution File, Format Version 12.00
# Visual Studio 15
VisualStudioVersion = 15.0.28307.102
MinimumVisualStudioVersion = 10.0.40219.1
Project("{9A19103F-16F7-4668-BE54-9A1E7A4F7556}") = "Mujiu.BizQuotation.Backend", "Mujiu.BizQuotation.Backend\Mujiu.BizQuotation.Backend.csproj", "{86805ACF-52A3-4AB0-8F01-E2EE72BA385A}"
EndProject
Project("{FAE04EC0-301F-11D3-BF4B-00C04F79EFBC}") = "Mujiu.BizQuotation.Domain", "Mujiu.BizQuotation.Domain\Mujiu.BizQuotation.Domain.csproj", "{2609A109-2BF8-4CCC-B5FB-34FCE7BB06E0}"
EndProject
Project("{FAE04EC0-301F-11D3-BF4B-00C04F79EFBC}") = "Mujiu.BizQuotation.Common", "Mujiu.BizQuotation.Common\Mujiu.BizQuotation.Common.csproj", "{EDEF3D41-9FBB-4C39-A38F-BE8606D41453}"
EndProject
Project("{FAE04EC0-301F-11D3-BF4B-00C04F79EFBC}") = "Mujiu.BizQuotation.Repository", "Mujiu.BizQuotation.Repository\Mujiu.BizQuotation.Repository.csproj", "{38A0D375-61B9-4AC6-A832-C6509ED776E2}"
EndProject
Project("{FAE04EC0-301F-11D3-BF4B-00C04F79EFBC}") = "Mujiu.BizQuotation.Website", "Mujiu.BizQuotation.Website\Mujiu.BizQuotation.Website.csproj", "{D0F6B31A-AED7-4665-80FD-81BF4564E312}"
EndProject
Project("{FAE04EC0-301F-11D3-BF4B-00C04F79EFBC}") = "Mujiu.BizQuotation.WebApi", "Mujiu.BizQuotation.WebApi\Mujiu.BizQuotation.WebApi.csproj", "{2F067F9A-3322-4445-B466-C024012124B6}"
EndProject
Global
	GlobalSection(SolutionConfigurationPlatforms) = preSolution
		Debug|Any CPU = Debug|Any CPU
		Release|Any CPU = Release|Any CPU
	EndGlobalSection
	GlobalSection(ProjectConfigurationPlatforms) = postSolution
		{86805ACF-52A3-4AB0-8F01-E2EE72BA385A}.Debug|Any CPU.ActiveCfg = Debug|Any CPU
		{86805ACF-52A3-4AB0-8F01-E2EE72BA385A}.Debug|Any CPU.Build.0 = Debug|Any CPU
		{86805ACF-52A3-4AB0-8F01-E2EE72BA385A}.Release|Any CPU.ActiveCfg = Release|Any CPU
		{86805ACF-52A3-4AB0-8F01-E2EE72BA385A}.Release|Any CPU.Build.0 = Release|Any CPU
		{2609A109-2BF8-4CCC-B5FB-34FCE7BB06E0}.Debug|Any CPU.ActiveCfg = Debug|Any CPU
		{2609A109-2BF8-4CCC-B5FB-34FCE7BB06E0}.Debug|Any CPU.Build.0 = Debug|Any CPU
		{2609A109-2BF8-4CCC-B5FB-34FCE7BB06E0}.Release|Any CPU.ActiveCfg = Release|Any CPU
		{2609A109-2BF8-4CCC-B5FB-34FCE7BB06E0}.Release|Any CPU.Build.0 = Release|Any CPU
		{EDEF3D41-9FBB-4C39-A38F-BE8606D41453}.Debug|Any CPU.ActiveCfg = Debug|Any CPU
		{EDEF3D41-9FBB-4C39-A38F-BE8606D41453}.Debug|Any CPU.Build.0 = Debug|Any CPU
		{EDEF3D41-9FBB-4C39-A38F-BE8606D41453}.Release|Any CPU.ActiveCfg = Release|Any CPU
		{EDEF3D41-9FBB-4C39-A38F-BE8606D41453}.Release|Any CPU.Build.0 = Release|Any CPU
		{38A0D375-61B9-4AC6-A832-C6509ED776E2}.Debug|Any CPU.ActiveCfg = Debug|Any CPU
		{38A0D375-61B9-4AC6-A832-C6509ED776E2}.Debug|Any CPU.Build.0 = Debug|Any CPU
		{38A0D375-61B9-4AC6-A832-C6509ED776E2}.Release|Any CPU.ActiveCfg = Release|Any CPU
		{38A0D375-61B9-4AC6-A832-C6509ED776E2}.Release|Any CPU.Build.0 = Release|Any CPU
		{D0F6B31A-AED7-4665-80FD-81BF4564E312}.Debug|Any CPU.ActiveCfg = Debug|Any CPU
		{D0F6B31A-AED7-4665-80FD-81BF4564E312}.Debug|Any CPU.Build.0 = Debug|Any CPU
		{D0F6B31A-AED7-4665-80FD-81BF4564E312}.Release|Any CPU.ActiveCfg = Release|Any CPU
		{D0F6B31A-AED7-4665-80FD-81BF4564E312}.Release|Any CPU.Build.0 = Release|Any CPU
		{2F067F9A-3322-4445-B466-C024012124B6}.Debug|Any CPU.ActiveCfg = Debug|Any CPU
		{2F067F9A-3322-4445-B466-C024012124B6}.Debug|Any CPU.Build.0 = Debug|Any CPU
		{2F067F9A-3322-4445-B466-C024012124B6}.Release|Any CPU.ActiveCfg = Release|Any CPU
		{2F067F9A-3322-4445-B466-C024012124B6}.Release|Any CPU.Build.0 = Release|Any CPU
	EndGlobalSection
	GlobalSection(SolutionProperties) = preSolution
		HideSolutionNode = FALSE
	EndGlobalSection
	GlobalSection(ExtensibilityGlobals) = postSolution
		SolutionGuid = {2CDFE8B4-E168-4913-AC27-27AE90DEA945}
	EndGlobalSection
EndGlobal
